
Microsoft Visual Studio Solution File, Format Version 12.00
# Visual Studio 14
VisualStudioVersion = 14.0.23107.0
MinimumVisualStudioVersion = 10.0.40219.1
Project("{FAE04EC0-301F-11D3-BF4B-00C04F79EFBC}") = "simpleNotify", "simpleNotify\simpleNotify.csproj", "{E6F74BE8-5ADC-43A2-9612-DE402AD41358}"
EndProject
Project("{FAE04EC0-301F-11D3-BF4B-00C04F79EFBC}") = "testNotifications", "testNotifications\testNotifications.csproj", "{1D382C89-9451-4AC1-9850-329F8CD54BEA}"
EndProject
Project("{2150E333-8FDC-42A3-9474-1A3956D46DE8}") = "Solution Items", "Solution Items", "{3F0E1F6C-79AF-4157-B222-3F70D97E49A3}"
	ProjectSection(SolutionItems) = preProject
		README.md = README.md
	EndProjectSection
EndProject
Global
	GlobalSection(SolutionConfigurationPlatforms) = preSolution
		Debug|Any CPU = Debug|Any CPU
		Release|Any CPU = Release|Any CPU
	EndGlobalSection
	GlobalSection(ProjectConfigurationPlatforms) = postSolution
		{E6F74BE8-5ADC-43A2-9612-DE402AD41358}.Debug|Any CPU.ActiveCfg = Debug|Any CPU
		{E6F74BE8-5ADC-43A2-9612-DE402AD41358}.Debug|Any CPU.Build.0 = Debug|Any CPU
		{E6F74BE8-5ADC-43A2-9612-DE402AD41358}.Release|Any CPU.ActiveCfg = Release|Any CPU
		{E6F74BE8-5ADC-43A2-9612-DE402AD41358}.Release|Any CPU.Build.0 = Release|Any CPU
		{1D382C89-9451-4AC1-9850-329F8CD54BEA}.Debug|Any CPU.ActiveCfg = Debug|Any CPU
		{1D382C89-9451-4AC1-9850-329F8CD54BEA}.Debug|Any CPU.Build.0 = Debug|Any CPU
		{1D382C89-9451-4AC1-9850-329F8CD54BEA}.Release|Any CPU.ActiveCfg = Release|Any CPU
		{1D382C89-9451-4AC1-9850-329F8CD54BEA}.Release|Any CPU.Build.0 = Release|Any CPU
	EndGlobalSection
	GlobalSection(SolutionProperties) = preSolution
		HideSolutionNode = FALSE
	EndGlobalSection
EndGlobal
